
Microsoft Visual Studio Solution File, Format Version 12.00
# Visual Studio Version 17
VisualStudioVersion = 17.13.35806.99 d17.13
MinimumVisualStudioVersion = 10.0.40219.1
Project("{FAE04EC0-301F-11D3-BF4B-00C04F79EFBC}") = "JewelleryShop", "JewelleryShop\JewelleryShop.csproj", "{6970DFD2-6E63-4586-85CB-77A8D6817636}"
EndProject
Global
	GlobalSection(SolutionConfigurationPlatforms) = preSolution
		Debug|Any CPU = Debug|Any CPU
		Release|Any CPU = Release|Any CPU
	EndGlobalSection
	GlobalSection(ProjectConfigurationPlatforms) = postSolution
		{6970DFD2-6E63-4586-85CB-77A8D6817636}.Debug|Any CPU.ActiveCfg = Debug|Any CPU
		{6970DFD2-6E63-4586-85CB-77A8D6817636}.Debug|Any CPU.Build.0 = Debug|Any CPU
		{6970DFD2-6E63-4586-85CB-77A8D6817636}.Release|Any CPU.ActiveCfg = Release|Any CPU
		{6970DFD2-6E63-4586-85CB-77A8D6817636}.Release|Any CPU.Build.0 = Release|Any CPU
	EndGlobalSection
	GlobalSection(SolutionProperties) = preSolution
		HideSolutionNode = FALSE
	EndGlobalSection
	GlobalSection(ExtensibilityGlobals) = postSolution
		SolutionGuid = {6A831C9A-2D8B-4640-91FC-B0BE04856A34}
	EndGlobalSection
EndGlobal
